
Microsoft Visual Studio Solution File, Format Version 12.00
# Visual Studio 15
VisualStudioVersion = 15.0.28307.1209
MinimumVisualStudioVersion = 10.0.40219.1
Project("{FAE04EC0-301F-11D3-BF4B-00C04F79EFBC}") = "DungeonApplication", "DungeonApplication\DungeonApplication.csproj", "{FA44BCB3-09BE-47DA-B4E6-F57C2E6AC30E}"
EndProject
Project("{FAE04EC0-301F-11D3-BF4B-00C04F79EFBC}") = "dungeonlibrary", "dungeonlibrary\dungeonlibrary.csproj", "{815AD596-03CF-479E-8DD9-3C7BAB6D1FF0}"
EndProject
Global
	GlobalSection(SolutionConfigurationPlatforms) = preSolution
		Debug|Any CPU = Debug|Any CPU
		Release|Any CPU = Release|Any CPU
	EndGlobalSection
	GlobalSection(ProjectConfigurationPlatforms) = postSolution
		{FA44BCB3-09BE-47DA-B4E6-F57C2E6AC30E}.Debug|Any CPU.ActiveCfg = Debug|Any CPU
		{FA44BCB3-09BE-47DA-B4E6-F57C2E6AC30E}.Debug|Any CPU.Build.0 = Debug|Any CPU
		{FA44BCB3-09BE-47DA-B4E6-F57C2E6AC30E}.Release|Any CPU.ActiveCfg = Release|Any CPU
		{FA44BCB3-09BE-47DA-B4E6-F57C2E6AC30E}.Release|Any CPU.Build.0 = Release|Any CPU
		{815AD596-03CF-479E-8DD9-3C7BAB6D1FF0}.Debug|Any CPU.ActiveCfg = Debug|Any CPU
		{815AD596-03CF-479E-8DD9-3C7BAB6D1FF0}.Debug|Any CPU.Build.0 = Debug|Any CPU
		{815AD596-03CF-479E-8DD9-3C7BAB6D1FF0}.Release|Any CPU.ActiveCfg = Release|Any CPU
		{815AD596-03CF-479E-8DD9-3C7BAB6D1FF0}.Release|Any CPU.Build.0 = Release|Any CPU
	EndGlobalSection
	GlobalSection(SolutionProperties) = preSolution
		HideSolutionNode = FALSE
	EndGlobalSection
	GlobalSection(ExtensibilityGlobals) = postSolution
		SolutionGuid = {0028B9C8-BA39-4F11-B5BD-4D7A517633E4}
	EndGlobalSection
EndGlobal
